{
    "name": "webnode-gpu",
    "version": "0.0.5",
    "lockfileVersion": 3,
    "requires": true,
    "packages": {
        "": {
            "name": "webnode-gpu",
            "version": "0.0.5",
            "hasInstallScript": true,
            "license": "APACHE V2",
            "devDependencies": {
                "@webgpu/types": "^0.1.32"
            }
        },
        "node_modules/@webgpu/types": {
            "version": "0.1.32",
            "resolved": "https://registry.npmjs.org/@webgpu/types/-/types-0.1.32.tgz",
            "integrity": "sha512-H6JRAvRonWxqREjxXMZgQmdgIFPe6mykLgdrHY7EQE7YihMKd/SjtSGilUmMKECVdUMg2IQB9vzaXDiTj1AxZg==",
            "dev": true
        }
    }
}
